
Microsoft Visual Studio Solution File, Format Version 12.00
Project("{2150E333-8FDC-42A3-9474-1A3956D46DE8}") = "src", "src", "{701C11CB-6263-43C2-96C8-9A45115F0300}"
EndProject
Project("{2150E333-8FDC-42A3-9474-1A3956D46DE8}") = "tests", "tests", "{9EE5C8C4-1C67-46A1-B940-D0252B27627E}"
EndProject
Project("{FAE04EC0-301F-11D3-BF4B-00C04F79EFBC}") = "TaskManager.App", "src\TaskManager.App\TaskManager.App.csproj", "{EB8F9D7E-5BBF-4051-A217-62561B9CD5C9}"
EndProject
Project("{FAE04EC0-301F-11D3-BF4B-00C04F79EFBC}") = "TaskManager.Domain", "src\TaskManager.Domain\TaskManager.Domain.csproj", "{0488F0E5-8C5F-41C4-85CB-DC04A27B8EC2}"
EndProject
Project("{FAE04EC0-301F-11D3-BF4B-00C04F79EFBC}") = "TaskManager.Application", "src\TaskManager.Application\TaskManager.Application.csproj", "{2A12C092-0B85-462A-AFE5-9CCA95C2F514}"
EndProject
Project("{FAE04EC0-301F-11D3-BF4B-00C04F79EFBC}") = "TaskManager.Persistence", "src\TaskManager.Persistence\TaskManager.Persistence.csproj", "{C4EBC112-8325-42A3-A415-FAA5E44A0451}"
EndProject
Project("{FAE04EC0-301F-11D3-BF4B-00C04F79EFBC}") = "TaskManager.Presentation", "src\TaskManager.Presentation\TaskManager.Presentation.csproj", "{9F238FCF-DE23-451B-87FC-59AB88D01FA5}"
EndProject
Global
	GlobalSection(SolutionConfigurationPlatforms) = preSolution
		Debug|Any CPU = Debug|Any CPU
		Release|Any CPU = Release|Any CPU
	EndGlobalSection
	GlobalSection(NestedProjects) = preSolution
		{EB8F9D7E-5BBF-4051-A217-62561B9CD5C9} = {701C11CB-6263-43C2-96C8-9A45115F0300}
		{0488F0E5-8C5F-41C4-85CB-DC04A27B8EC2} = {701C11CB-6263-43C2-96C8-9A45115F0300}
		{2A12C092-0B85-462A-AFE5-9CCA95C2F514} = {701C11CB-6263-43C2-96C8-9A45115F0300}
		{C4EBC112-8325-42A3-A415-FAA5E44A0451} = {701C11CB-6263-43C2-96C8-9A45115F0300}
		{9F238FCF-DE23-451B-87FC-59AB88D01FA5} = {701C11CB-6263-43C2-96C8-9A45115F0300}
	EndGlobalSection
	GlobalSection(ProjectConfigurationPlatforms) = postSolution
		{EB8F9D7E-5BBF-4051-A217-62561B9CD5C9}.Debug|Any CPU.ActiveCfg = Debug|Any CPU
		{EB8F9D7E-5BBF-4051-A217-62561B9CD5C9}.Debug|Any CPU.Build.0 = Debug|Any CPU
		{EB8F9D7E-5BBF-4051-A217-62561B9CD5C9}.Release|Any CPU.ActiveCfg = Release|Any CPU
		{EB8F9D7E-5BBF-4051-A217-62561B9CD5C9}.Release|Any CPU.Build.0 = Release|Any CPU
		{0488F0E5-8C5F-41C4-85CB-DC04A27B8EC2}.Debug|Any CPU.ActiveCfg = Debug|Any CPU
		{0488F0E5-8C5F-41C4-85CB-DC04A27B8EC2}.Debug|Any CPU.Build.0 = Debug|Any CPU
		{0488F0E5-8C5F-41C4-85CB-DC04A27B8EC2}.Release|Any CPU.ActiveCfg = Release|Any CPU
		{0488F0E5-8C5F-41C4-85CB-DC04A27B8EC2}.Release|Any CPU.Build.0 = Release|Any CPU
		{2A12C092-0B85-462A-AFE5-9CCA95C2F514}.Debug|Any CPU.ActiveCfg = Debug|Any CPU
		{2A12C092-0B85-462A-AFE5-9CCA95C2F514}.Debug|Any CPU.Build.0 = Debug|Any CPU
		{2A12C092-0B85-462A-AFE5-9CCA95C2F514}.Release|Any CPU.ActiveCfg = Release|Any CPU
		{2A12C092-0B85-462A-AFE5-9CCA95C2F514}.Release|Any CPU.Build.0 = Release|Any CPU
		{C4EBC112-8325-42A3-A415-FAA5E44A0451}.Debug|Any CPU.ActiveCfg = Debug|Any CPU
		{C4EBC112-8325-42A3-A415-FAA5E44A0451}.Debug|Any CPU.Build.0 = Debug|Any CPU
		{C4EBC112-8325-42A3-A415-FAA5E44A0451}.Release|Any CPU.ActiveCfg = Release|Any CPU
		{C4EBC112-8325-42A3-A415-FAA5E44A0451}.Release|Any CPU.Build.0 = Release|Any CPU
		{9F238FCF-DE23-451B-87FC-59AB88D01FA5}.Debug|Any CPU.ActiveCfg = Debug|Any CPU
		{9F238FCF-DE23-451B-87FC-59AB88D01FA5}.Debug|Any CPU.Build.0 = Debug|Any CPU
		{9F238FCF-DE23-451B-87FC-59AB88D01FA5}.Release|Any CPU.ActiveCfg = Release|Any CPU
		{9F238FCF-DE23-451B-87FC-59AB88D01FA5}.Release|Any CPU.Build.0 = Release|Any CPU
	EndGlobalSection
EndGlobal
